# Single source of truth for the upstream Hermes version pinned by hermes-golden.
# v0.20.0 is the immutable 2026-08-03 upstream release.
tag: v2026.8.3
commit: 3c27eb6234bf91b8ceee9e9071591b31e9b148cb
hermes_version: 0.20.0
pinned_at: 2026-08-03
source_repo: https://github.com/NousResearch/hermes-agent.git
