# Single source of truth for the upstream Hermes version pinned by hermes-golden.
# Isolated upgrade candidate; the immutable commit is the pin.
tag: v2026.9.24
commit: d62fbea7e110c6008e1ffe1b226d1f593ba4bc28
hermes_version: 0.21.5
pinned_at: 2026-10-04
source_repo: https://github.com/NousResearch/hermes-agent.git
