# Single source of truth for the upstream Hermes version pinned by hermes-golden.
# Exact post-v0.20.0 upstream main selected by the 2026-08-11 rehearsal.
tag: main
commit: 9da6d455c9e1f2bf74bb9f47766ee9fc52e17bfb
hermes_version: 0.20.0
pinned_at: 2026-08-11
source_repo: https://github.com/NousResearch/hermes-agent.git
